
Microsoft Visual Studio Solution File, Format Version 12.00
# Visual Studio 15
VisualStudioVersion = 15.0.28307.106
MinimumVisualStudioVersion = 10.0.40219.1
Project("{FAE04EC0-301F-11D3-BF4B-00C04F79EFBC}") = "Battleship", "Battleship\Battleship.csproj", "{6E8469FE-0108-4434-9EB4-F65DAB2117E0}"
EndProject
Global
	GlobalSection(SolutionConfigurationPlatforms) = preSolution
		Debug|Any CPU = Debug|Any CPU
		Release|Any CPU = Release|Any CPU
	EndGlobalSection
	GlobalSection(ProjectConfigurationPlatforms) = postSolution
		{6E8469FE-0108-4434-9EB4-F65DAB2117E0}.Debug|Any CPU.ActiveCfg = Debug|Any CPU
		{6E8469FE-0108-4434-9EB4-F65DAB2117E0}.Debug|Any CPU.Build.0 = Debug|Any CPU
		{6E8469FE-0108-4434-9EB4-F65DAB2117E0}.Release|Any CPU.ActiveCfg = Release|Any CPU
		{6E8469FE-0108-4434-9EB4-F65DAB2117E0}.Release|Any CPU.Build.0 = Release|Any CPU
	EndGlobalSection
	GlobalSection(SolutionProperties) = preSolution
		HideSolutionNode = FALSE
	EndGlobalSection
	GlobalSection(ExtensibilityGlobals) = postSolution
		SolutionGuid = {6E71B1F2-0179-4B2A-BFED-178739590BF8}
	EndGlobalSection
EndGlobal
